DEPENDENCIES
  mongo-server
    git: git@github.com:richgurney/ChefMongo2.git
    revision: dff9eb41a84fbc6f41398c4fbed2ceeca916f8cc
  node
    git: git@github.com:richgurney/ChefNode.git
    revision: 4466dbaa57d39b33d0d6f125bfbf6515d104676b

GRAPH
  ark (4.0.0)
    build-essential (>= 0.0.0)
    seven_zip (>= 0.0.0)
  build-essential (8.2.1)
    mingw (>= 1.1)
    seven_zip (>= 0.0.0)
  mingw (2.1.0)
    seven_zip (>= 0.0.0)
  mongo-server (0.3.1)
  node (0.1.0)
    nodejs (~> 5.0.0)
  nodejs (5.0.0)
    ark (>= 2.0.2)
    build-essential (>= 0.0.0)
  seven_zip (3.0.0)
    windows (>= 0.0.0)
  windows (5.1.3)
